# This file may be used to create an environment using:
# $ conda create --name <env> --file <this file>
# platform: linux-64
@EXPLICIT
https://conda.anaconda.org/conda-forge/linux-64/_libgcc_mutex-0.1-conda_forge.tar.bz2
https://conda.anaconda.org/conda-forge/noarch/ca-certificates-2025.7.14-hbd8a1cb_0.conda
https://conda.anaconda.org/conda-forge/noarch/cuda-version-12.4-h3060b56_3.conda
https://conda.anaconda.org/conda-forge/linux-64/ld_impl_linux-64-2.40-hf3520f5_7.conda
https://conda.anaconda.org/conda-forge/linux-64/mpi-1.0-mpich.tar.bz2
https://conda.anaconda.org/conda-forge/noarch/pybind11-abi-4-hd8ed1ab_3.tar.bz2
https://conda.anaconda.org/conda-forge/linux-64/python_abi-3.12-4_cp312.conda
https://conda.anaconda.org/conda-forge/noarch/tzdata-2024a-h0c530f3_0.conda
https://conda.anaconda.org/conda-forge/noarch/cuda-cudart_linux-64-12.4.127-h85509e4_2.conda
https://conda.anaconda.org/conda-forge/linux-64/libgomp-14.1.0-h77fa898_0.conda
https://conda.anaconda.org/conda-forge/linux-64/_openmp_mutex-4.5-2_gnu.tar.bz2
https://conda.anaconda.org/conda-forge/linux-64/libgcc-ng-14.1.0-h77fa898_0.conda
https://conda.anaconda.org/conda-forge/linux-64/bzip2-1.0.8-h4bc722e_7.conda
https://conda.anaconda.org/conda-forge/linux-64/c-ares-1.33.0-ha66036c_0.conda
https://conda.anaconda.org/conda-forge/linux-64/keyutils-1.6.1-h166bdaf_0.tar.bz2
https://conda.anaconda.org/conda-forge/linux-64/libdeflate-1.21-h4bc722e_0.conda
https://conda.anaconda.org/conda-forge/linux-64/libev-4.33-hd590300_2.conda
https://conda.anaconda.org/conda-forge/linux-64/libexpat-2.6.2-h59595ed_0.conda
https://conda.anaconda.org/conda-forge/linux-64/libffi-3.4.2-h7f98852_5.tar.bz2
https://conda.anaconda.org/conda-forge/linux-64/libgfortran5-14.1.0-hc5f4f2c_0.conda
https://conda.anaconda.org/conda-forge/linux-64/libiconv-1.17-hd590300_2.conda
https://conda.anaconda.org/conda-forge/linux-64/libjpeg-turbo-3.0.0-hd590300_1.conda
https://conda.anaconda.org/conda-forge/linux-64/libnsl-2.0.1-hd590300_0.conda
https://conda.anaconda.org/conda-forge/linux-64/libsodium-1.0.18-h36c2ea0_1.tar.bz2
https://conda.anaconda.org/conda-forge/linux-64/libstdcxx-ng-14.1.0-hc0a3c3a_0.conda
https://conda.anaconda.org/conda-forge/linux-64/libuuid-2.38.1-h0b41bf4_0.conda
https://conda.anaconda.org/conda-forge/linux-64/libwebp-base-1.4.0-hd590300_0.conda
https://conda.anaconda.org/conda-forge/linux-64/libxcrypt-4.4.36-hd590300_1.conda
https://conda.anaconda.org/conda-forge/linux-64/libzlib-1.3.1-h4ab18f5_1.conda
https://conda.anaconda.org/conda-forge/linux-64/ncurses-6.5-h59595ed_0.conda
https://conda.anaconda.org/conda-forge/linux-64/openssl-3.3.1-hb9d3cd8_3.conda
https://conda.anaconda.org/conda-forge/linux-64/pthread-stubs-0.4-h36c2ea0_1001.tar.bz2
https://conda.anaconda.org/conda-forge/linux-64/xorg-libxau-1.0.11-hd590300_0.conda
https://conda.anaconda.org/conda-forge/linux-64/xorg-libxdmcp-1.1.3-h7f98852_0.tar.bz2
https://conda.anaconda.org/conda-forge/linux-64/xz-5.2.6-h166bdaf_0.tar.bz2
https://conda.anaconda.org/conda-forge/linux-64/cuda-cudart-12.4.127-he02047a_2.conda
https://conda.anaconda.org/conda-forge/linux-64/cuda-nvrtc-12.4.127-he02047a_2.conda
https://conda.anaconda.org/conda-forge/linux-64/icu-75.1-he02047a_0.conda
https://conda.anaconda.org/conda-forge/linux-64/lerc-4.0.0-h27087fc_0.tar.bz2
https://conda.anaconda.org/conda-forge/linux-64/libaec-1.1.3-h59595ed_0.conda
https://conda.anaconda.org/conda-forge/linux-64/libcufft-11.2.1.3-he02047a_2.conda
https://conda.anaconda.org/conda-forge/linux-64/libedit-3.1.20191231-he28a2e2_2.tar.bz2
https://conda.anaconda.org/conda-forge/linux-64/libgfortran-ng-14.1.0-h69a702a_0.conda
https://conda.anaconda.org/conda-forge/linux-64/libnghttp2-1.58.0-h47da74e_1.conda
https://conda.anaconda.org/conda-forge/linux-64/libnvjitlink-12.4.127-he02047a_2.conda
https://conda.anaconda.org/conda-forge/linux-64/libpng-1.6.43-h2797004_0.conda
https://conda.anaconda.org/conda-forge/linux-64/libsqlite-3.46.0-hde9e2c9_0.conda
https://conda.anaconda.org/conda-forge/linux-64/libssh2-1.11.0-h0841786_0.conda
https://conda.anaconda.org/conda-forge/linux-64/libxcb-1.16-hb9d3cd8_1.conda
https://conda.anaconda.org/conda-forge/linux-64/qhull-2020.2-h434a139_5.conda
https://conda.anaconda.org/conda-forge/linux-64/readline-8.2-h8228510_1.conda
https://conda.anaconda.org/conda-forge/linux-64/tk-8.6.13-noxft_h4845f30_101.conda
https://conda.anaconda.org/conda-forge/linux-64/zstd-1.5.6-ha6fb4c9_0.conda
https://conda.anaconda.org/conda-forge/linux-64/freetype-2.12.1-h267a509_2.conda
https://conda.anaconda.org/conda-forge/linux-64/krb5-1.21.3-h659f571_0.conda
https://conda.anaconda.org/conda-forge/linux-64/libcublas-12.4.5.8-he02047a_2.conda
https://conda.anaconda.org/conda-forge/linux-64/libcusparse-12.3.1.170-he02047a_2.conda
https://conda.anaconda.org/conda-forge/linux-64/libopenblas-0.3.27-pthreads_hac2b453_1.conda
https://conda.anaconda.org/conda-forge/linux-64/libtiff-4.6.0-h46a8edc_4.conda
https://conda.anaconda.org/conda-forge/linux-64/libxml2-2.12.7-he7c6b58_4.conda
https://conda.anaconda.org/conda-forge/linux-64/mpich-4.2.2-h4a7f18d_101.conda
https://conda.anaconda.org/conda-forge/linux-64/python-3.12.5-h2ad013b_0_cpython.conda
https://conda.anaconda.org/conda-forge/noarch/asttokens-3.0.0-pyhd8ed1ab_1.conda
https://conda.anaconda.org/conda-forge/noarch/attrs-24.2.0-pyh71513ae_0.conda
https://conda.anaconda.org/conda-forge/noarch/cached_property-1.5.2-pyha770c72_1.tar.bz2
https://conda.anaconda.org/conda-forge/noarch/cloudpickle-3.0.0-pyhd8ed1ab_0.conda
https://conda.anaconda.org/conda-forge/noarch/colorama-0.4.6-pyhd8ed1ab_0.tar.bz2
https://conda.anaconda.org/conda-forge/linux-64/debugpy-1.8.5-py312hca68cad_0.conda
https://conda.anaconda.org/conda-forge/noarch/decorator-5.1.1-pyhd8ed1ab_1.conda
https://conda.anaconda.org/conda-forge/noarch/exceptiongroup-1.2.2-pyhd8ed1ab_1.conda
https://conda.anaconda.org/conda-forge/noarch/executing-2.1.0-pyhd8ed1ab_1.conda
https://conda.anaconda.org/conda-forge/noarch/filelock-3.15.4-pyhd8ed1ab_0.conda
https://conda.anaconda.org/conda-forge/linux-64/lcms2-2.16-hb7c19ff_0.conda
https://conda.anaconda.org/conda-forge/linux-64/libblas-3.9.0-23_linux64_openblas.conda
https://conda.anaconda.org/conda-forge/linux-64/libcurl-8.9.1-hdb1bdb2_0.conda
https://conda.anaconda.org/conda-forge/linux-64/libcusolver-11.6.1.9-he02047a_2.conda
https://conda.anaconda.org/conda-forge/linux-64/libhwloc-2.11.1-default_hecaa2ac_1000.conda
https://conda.anaconda.org/conda-forge/linux-64/markupsafe-2.1.5-py312h98912ed_0.conda
https://conda.anaconda.org/conda-forge/linux-64/mpi4py-4.0.0-py312h5924d30_1.conda
https://conda.anaconda.org/conda-forge/noarch/nest-asyncio-1.6.0-pyhd8ed1ab_1.conda
https://conda.anaconda.org/conda-forge/linux-64/openjpeg-2.5.2-h488ebb8_0.conda
https://conda.anaconda.org/conda-forge/noarch/packaging-24.1-pyhd8ed1ab_0.conda
https://conda.anaconda.org/conda-forge/noarch/parso-0.8.4-pyhd8ed1ab_1.conda
https://conda.anaconda.org/conda-forge/noarch/pickleshare-0.7.5-pyhd8ed1ab_1004.conda
https://conda.anaconda.org/conda-forge/noarch/pkgutil-resolve-name-1.3.10-pyhd8ed1ab_1.conda
https://conda.anaconda.org/conda-forge/noarch/platformdirs-4.3.6-pyhd8ed1ab_1.conda
https://conda.anaconda.org/conda-forge/linux-64/psutil-6.0.0-py312h9a8786e_0.conda
https://conda.anaconda.org/conda-forge/noarch/ptyprocess-0.7.0-pyhd8ed1ab_1.conda
https://conda.anaconda.org/conda-forge/noarch/pure_eval-0.2.3-pyhd8ed1ab_1.conda
https://conda.anaconda.org/conda-forge/noarch/pygments-2.19.1-pyhd8ed1ab_0.conda
https://conda.anaconda.org/conda-forge/linux-64/rpds-py-0.20.0-py312hf008fa9_0.conda
https://conda.anaconda.org/conda-forge/noarch/setuptools-72.1.0-pyhd8ed1ab_0.conda
https://conda.anaconda.org/conda-forge/noarch/six-1.17.0-pyhd8ed1ab_0.conda
https://conda.anaconda.org/conda-forge/noarch/synced_collections-1.0.0-pyhd8ed1ab_0.conda
https://conda.anaconda.org/conda-forge/linux-64/tornado-6.4.1-py312h9a8786e_0.conda
https://conda.anaconda.org/conda-forge/noarch/traitlets-5.14.3-pyhd8ed1ab_1.conda
https://conda.anaconda.org/conda-forge/noarch/typing_extensions-4.12.2-pyha770c72_1.conda
https://conda.anaconda.org/conda-forge/noarch/wcwidth-0.2.13-pyhd8ed1ab_1.conda
https://conda.anaconda.org/conda-forge/noarch/wheel-0.44.0-pyhd8ed1ab_0.conda
https://conda.anaconda.org/conda-forge/linux-64/zeromq-4.3.5-h75354e8_4.conda
https://conda.anaconda.org/conda-forge/noarch/zipp-3.20.0-pyhd8ed1ab_0.conda
https://conda.anaconda.org/conda-forge/noarch/cached-property-1.5.2-hd8ed1ab_1.tar.bz2
https://conda.anaconda.org/conda-forge/noarch/comm-0.2.2-pyhd8ed1ab_1.conda
https://conda.anaconda.org/conda-forge/noarch/deprecation-2.1.0-pyh9f0ad1d_0.tar.bz2
https://conda.anaconda.org/conda-forge/linux-64/hdf5-1.14.3-nompi_hdf9ad27_105.conda
https://conda.anaconda.org/conda-forge/noarch/importlib-metadata-8.6.1-pyha770c72_0.conda
https://conda.anaconda.org/conda-forge/noarch/importlib_resources-6.4.2-pyhd8ed1ab_0.conda
https://conda.anaconda.org/conda-forge/noarch/jedi-0.19.2-pyhd8ed1ab_1.conda
https://conda.anaconda.org/conda-forge/noarch/jinja2-3.1.4-pyhd8ed1ab_0.conda
https://conda.anaconda.org/conda-forge/noarch/jupyter_core-5.7.2-pyh31011fe_1.conda
https://conda.anaconda.org/conda-forge/linux-64/libcblas-3.9.0-23_linux64_openblas.conda
https://conda.anaconda.org/conda-forge/linux-64/liblapack-3.9.0-23_linux64_openblas.conda
https://conda.anaconda.org/conda-forge/noarch/matplotlib-inline-0.1.7-pyhd8ed1ab_1.conda
https://conda.anaconda.org/conda-forge/noarch/pexpect-4.9.0-pyhd8ed1ab_1.conda
https://conda.anaconda.org/conda-forge/linux-64/pillow-10.4.0-py312h287a98d_0.conda
https://conda.anaconda.org/conda-forge/noarch/pip-24.2-pyhd8ed1ab_0.conda
https://conda.anaconda.org/conda-forge/noarch/prompt-toolkit-3.0.50-pyha770c72_0.conda
https://conda.anaconda.org/conda-forge/noarch/python-dateutil-2.9.0.post0-pyhff2d567_1.conda
https://conda.anaconda.org/conda-forge/linux-64/pyzmq-26.2.0-py312hbf22597_0.conda
https://conda.anaconda.org/conda-forge/noarch/referencing-0.35.1-pyhd8ed1ab_0.conda
https://conda.anaconda.org/conda-forge/noarch/stack_data-0.6.3-pyhd8ed1ab_1.conda
https://conda.anaconda.org/conda-forge/linux-64/tbb-2021.12.0-h434a139_3.conda
https://conda.anaconda.org/conda-forge/noarch/tqdm-4.66.5-pyhd8ed1ab_0.conda
https://conda.anaconda.org/conda-forge/linux-64/embree-4.3.3-h3173236_0.conda
https://conda.anaconda.org/conda-forge/noarch/ipython-8.32.0-pyh907856f_0.conda
https://conda.anaconda.org/conda-forge/noarch/jsonschema-specifications-2023.12.1-pyhd8ed1ab_0.conda
https://conda.anaconda.org/conda-forge/noarch/jupyter_client-8.6.3-pyhd8ed1ab_1.conda
https://conda.anaconda.org/conda-forge/linux-64/numpy-2.0.1-py312h1103770_0.conda
https://conda.anaconda.org/conda-forge/noarch/signac-2.2.0-pyhd8ed1ab_0.conda
https://conda.anaconda.org/conda-forge/linux-64/fresnel-0.13.6-py312h350a1da_1.conda
https://conda.anaconda.org/conda-forge/linux-64/gsd-3.3.0-py312h085067d_0.conda
https://conda.anaconda.org/conda-forge/linux-64/h5py-3.11.0-nompi_py312hb7ab980_102.conda
https://conda.anaconda.org/conda-forge/linux-64/hoomd-4.8.2-gpu_py312h228e193_0.conda
https://conda.anaconda.org/conda-forge/noarch/ipykernel-6.29.5-pyh3099207_0.conda
https://conda.anaconda.org/conda-forge/noarch/jsonschema-4.23.0-pyhd8ed1ab_0.conda
https://conda.anaconda.org/conda-forge/noarch/rowan-1.3.2-pyhd8ed1ab_1.conda
https://conda.anaconda.org/conda-forge/linux-64/scipy-1.14.1-py312h7d485d2_0.conda
https://conda.anaconda.org/conda-forge/linux-64/freud-3.1.0-py312h350a1da_1.conda
https://conda.anaconda.org/conda-forge/noarch/signac-flow-0.29.0-pyhd8ed1ab_0.conda
